
Microsoft Visual Studio Solution File, Format Version 12.00
# Visual Studio Version 16
VisualStudioVersion = 16.0.30517.126
MinimumVisualStudioVersion = 10.0.40219.1
Project("{FAE04EC0-301F-11D3-BF4B-00C04F79EFBC}") = "Hackerrank_API", "Hackerrank_API.csproj", "{A8866BF6-6469-4185-9281-B975D43A9B15}"
EndProject
Global
	GlobalSection(SolutionConfigurationPlatforms) = preSolution
		Debug|Any CPU = Debug|Any CPU
		Release|Any CPU = Release|Any CPU
	EndGlobalSection
	GlobalSection(ProjectConfigurationPlatforms) = postSolution
		{A8866BF6-6469-4185-9281-B975D43A9B15}.Debug|Any CPU.ActiveCfg = Debug|Any CPU
		{A8866BF6-6469-4185-9281-B975D43A9B15}.Debug|Any CPU.Build.0 = Debug|Any CPU
		{A8866BF6-6469-4185-9281-B975D43A9B15}.Release|Any CPU.ActiveCfg = Release|Any CPU
		{A8866BF6-6469-4185-9281-B975D43A9B15}.Release|Any CPU.Build.0 = Release|Any CPU
	EndGlobalSection
	GlobalSection(SolutionProperties) = preSolution
		HideSolutionNode = FALSE
	EndGlobalSection
	GlobalSection(ExtensibilityGlobals) = postSolution
		SolutionGuid = {8F15F291-ED29-4C2F-AEE5-89431E0F60CE}
	EndGlobalSection
EndGlobal
